
Microsoft Visual Studio Solution File, Format Version 12.00
# Visual Studio Version 16
VisualStudioVersion = 16.0.29519.87
MinimumVisualStudioVersion = 10.0.40219.1
Project("{FAE04EC0-301F-11D3-BF4B-00C04F79EFBC}") = "UniPlatform", "UniPlatform\UniPlatform.csproj", "{32881C42-4736-4FF8-87EE-FFF7E739E02C}"
EndProject
Global
	GlobalSection(SolutionConfigurationPlatforms) = preSolution
		Debug|Any CPU = Debug|Any CPU
		Release|Any CPU = Release|Any CPU
	EndGlobalSection
	GlobalSection(ProjectConfigurationPlatforms) = postSolution
		{32881C42-4736-4FF8-87EE-FFF7E739E02C}.Debug|Any CPU.ActiveCfg = Debug|Any CPU
		{32881C42-4736-4FF8-87EE-FFF7E739E02C}.Debug|Any CPU.Build.0 = Debug|Any CPU
		{32881C42-4736-4FF8-87EE-FFF7E739E02C}.Release|Any CPU.ActiveCfg = Release|Any CPU
		{32881C42-4736-4FF8-87EE-FFF7E739E02C}.Release|Any CPU.Build.0 = Release|Any CPU
	EndGlobalSection
	GlobalSection(SolutionProperties) = preSolution
		HideSolutionNode = FALSE
	EndGlobalSection
	GlobalSection(ExtensibilityGlobals) = postSolution
		SolutionGuid = {C5870558-4682-4ED9-ACCE-C0C086E145BC}
	EndGlobalSection
EndGlobal
